// !$*UTF8*$!
{
	archiveVersion = 1;
	classes = {
	};
	objectVersion = 46;
	objects = {

/* Begin PBXBuildFile section */
		2536EA6F15889D2B00AC1B13 /* UIKit.framework in Frameworks */ = {isa = PBXBuildFile; fileRef = 2536EA6E15889D2B00AC1B13 /* UIKit.framework */; };
		2536EA7115889D2B00AC1B13 /* Foundation.framework in Frameworks */ = {isa = PBXBuildFile; fileRef = 2536EA7015889D2B00AC1B13 /* Foundation.framework */; };
		2536EA7315889D2B00AC1B13 /* CoreGraphics.framework in Frameworks */ = {isa = PBXBuildFile; fileRef = 2536EA7215889D2B00AC1B13 /* CoreGraphics.framework */; };
		2536EA7915889D2B00AC1B13 /* InfoPlist.strings in Resources */ = {isa = PBXBuildFile; fileRef = 2536EA7715889D2B00AC1B13 /* InfoPlist.strings */; };
		2536EA7B15889D2B00AC1B13 /* main.m in Sources */ = {isa = PBXBuildFile; fileRef = 2536EA7A15889D2B00AC1B13 /* main.m */; };
		2536EA7F15889D2B00AC1B13 /* MovieTheaterAppDelegate.m in Sources */ = {isa = PBXBuildFile; fileRef = 2536EA7E15889D2B00AC1B13 /* MovieTheaterAppDelegate.m */; };
		2536EA8215889D2B00AC1B13 /* MainStoryboard.storyboard in Resources */ = {isa = PBXBuildFile; fileRef = 2536EA8015889D2B00AC1B13 /* MainStoryboard.storyboard */; };
		2536EA8515889D2B00AC1B13 /* MovieTheaterViewController.m in Sources */ = {isa = PBXBuildFile; fileRef = 2536EA8415889D2B00AC1B13 /* MovieTheaterViewController.m */; };
/* End PBXBuildFile section */

/* Begin PBXFileReference section */
		2536EA6A15889D2B00AC1B13 /* MovieTheater.app */ = {isa = PBXFileReference; explicitFileType = wrapper.application; includeInIndex = 0; path = MovieTheater.app; sourceTree = BUILT_PRODUCTS_DIR; };
		2536EA6E15889D2B00AC1B13 /* UIKit.framework */ = {isa = PBXFileReference; lastKnownFileType = wrapper.framework; name = UIKit.framework; path = System/Library/Frameworks/UIKit.framework; sourceTree = SDKROOT; };
		2536EA7015889D2B00AC1B13 /* Foundation.framework */ = {isa = PBXFileReference; lastKnownFileType = wrapper.framework; name = Foundation.framework; path = System/Library/Frameworks/Foundation.framework; sourceTree = SDKROOT; };
		2536EA7215889D2B00AC1B13 /* CoreGraphics.framework */ = {isa = PBXFileReference; lastKnownFileType = wrapper.framework; name = CoreGraphics.framework; path = System/Library/Frameworks/CoreGraphics.framework; sourceTree = SDKROOT; };
		2536EA7615889D2B00AC1B13 /* MovieTheater-Info.plist */ = {isa = PBXFileReference; lastKnownFileType = text.plist.xml; path = "MovieTheater-Info.plist"; sourceTree = "<group>"; };
		2536EA7815889D2B00AC1B13 /* en */ = {isa = PBXFileReference; lastKnownFileType = text.plist.strings; name = en; path = en.lproj/InfoPlist.strings; sourceTree = "<group>"; };
		2536EA7A15889D2B00AC1B13 /* main.m */ = {isa = PBXFileReference; lastKnownFileType = sourcecode.c.objc; path = main.m; sourceTree = "<group>"; };
		2536EA7C15889D2B00AC1B13 /* MovieTheater-Prefix.pch */ = {isa = PBXFileReference; lastKnownFileType = sourcecode.c.h; path = "MovieTheater-Prefix.pch"; sourceTree = "<group>"; };
		2536EA7D15889D2B00AC1B13 /* MovieTheaterAppDelegate.h */ = {isa = PBXFileReference; lastKnownFileType = sourcecode.c.h; path = MovieTheaterAppDelegate.h; sourceTree = "<group>"; };
		2536EA7E15889D2B00AC1B13 /* MovieTheaterAppDelegate.m */ = {isa = PBXFileReference; lastKnownFileType = sourcecode.c.objc; path = MovieTheaterAppDelegate.m; sourceTree = "<group>"; };
		2536EA8115889D2B00AC1B13 /* en */ = {isa = PBXFileReference; lastKnownFileType = file.storyboard; name = en; path = en.lproj/MainStoryboard.storyboard; sourceTree = "<group>"; };
		2536EA8315889D2B00AC1B13 /* MovieTheaterViewController.h */ = {isa = PBXFileReference; lastKnownFileType = sourcecode.c.h; path = MovieTheaterViewController.h; sourceTree = "<group>"; };
		2536EA8415889D2B00AC1B13 /* MovieTheaterViewController.m */ = {isa = PBXFileReference; lastKnownFileType = sourcecode.c.objc; path = MovieTheaterViewController.m; sourceTree = "<group>"; };
/* End PBXFileReference section */

/* Begin PBXFrameworksBuildPhase section */
		2536EA6715889D2B00AC1B13 /* Frameworks */ = {
			isa = PBXFrameworksBuildPhase;
			buildActionMask = 2147483647;
			files = (
				2536EA6F15889D2B00AC1B13 /* UIKit.framework in Frameworks */,
				2536EA7115889D2B00AC1B13 /* Foundation.framework in Frameworks */,
				2536EA7315889D2B00AC1B13 /* CoreGraphics.framework in Frameworks */,
			);
			runOnlyForDeploymentPostprocessing = 0;
		};
/* End PBXFrameworksBuildPhase section */

/* Begin PBXGroup section */
		2536EA5F15889D2A00AC1B13 = {
			isa = PBXGroup;
			children = (
				2536EA7415889D2B00AC1B13 /* MovieTheater */,
				2536EA6D15889D2B00AC1B13 /* Frameworks */,
				2536EA6B15889D2B00AC1B13 /* Products */,
			);
			sourceTree = "<group>";
		};
		2536EA6B15889D2B00AC1B13 /* Products */ = {
			isa = PBXGroup;
			children = (
				2536EA6A15889D2B00AC1B13 /* MovieTheater.app */,
			);
			name = Products;
			sourceTree = "<group>";
		};
		2536EA6D15889D2B00AC1B13 /* Frameworks */ = {
			isa = PBXGroup;
			children = (
				2536EA6E15889D2B00AC1B13 /* UIKit.framework */,
				2536EA7015889D2B00AC1B13 /* Foundation.framework */,
				2536EA7215889D2B00AC1B13 /* CoreGraphics.framework */,
			);
			name = Frameworks;
			sourceTree = "<group>";
		};
		2536EA7415889D2B00AC1B13 /* MovieTheater */ = {
			isa = PBXGroup;
			children = (
				2536EA7D15889D2B00AC1B13 /* MovieTheaterAppDelegate.h */,
				2536EA7E15889D2B00AC1B13 /* MovieTheaterAppDelegate.m */,
				2536EA8015889D2B00AC1B13 /* MainStoryboard.storyboard */,
				2536EA8315889D2B00AC1B13 /* MovieTheaterViewController.h */,
				2536EA8415889D2B00AC1B13 /* MovieTheaterViewController.m */,
				2536EA7515889D2B00AC1B13 /* Supporting Files */,
			);
			path = MovieTheater;
			sourceTree = "<group>";
		};
		2536EA7515889D2B00AC1B13 /* Supporting Files */ = {
			isa = PBXGroup;
			children = (
				2536EA7615889D2B00AC1B13 /* MovieTheater-Info.plist */,
				2536EA7715889D2B00AC1B13 /* InfoPlist.strings */,
				2536EA7A15889D2B00AC1B13 /* main.m */,
				2536EA7C15889D2B00AC1B13 /* MovieTheater-Prefix.pch */,
			);
			name = "Supporting Files";
			sourceTree = "<group>";
		};
/* End PBXGroup section */

/* Begin PBXNativeTarget section */
		2536EA6915889D2B00AC1B13 /* MovieTheater */ = {
			isa = PBXNativeTarget;
			buildConfigurationList = 2536EA8815889D2B00AC1B13 /* Build configuration list for PBXNativeTarget "MovieTheater" */;
			buildPhases = (
				2536EA6615889D2B00AC1B13 /* Sources */,
				2536EA6715889D2B00AC1B13 /* Frameworks */,
				2536EA6815889D2B00AC1B13 /* Resources */,
			);
			buildRules = (
			);
			dependencies = (
			);
			name = MovieTheater;
			productName = MovieTheater;
			productReference = 2536EA6A15889D2B00AC1B13 /* MovieTheater.app */;
			productType = "com.apple.product-type.application";
		};
/* End PBXNativeTarget section */

/* Begin PBXProject section */
		2536EA6115889D2A00AC1B13 /* Project object */ = {
			isa = PBXProject;
			attributes = {
				CLASSPREFIX = MovieTheater;
				LastUpgradeCheck = 0430;
				ORGANIZATIONNAME = "AppSpring Technologies";
			};
			buildConfigurationList = 2536EA6415889D2A00AC1B13 /* Build configuration list for PBXProject "MovieTheater" */;
			compatibilityVersion = "Xcode 3.2";
			developmentRegion = English;
			hasScannedForEncodings = 0;
			knownRegions = (
				en,
			);
			mainGroup = 2536EA5F15889D2A00AC1B13;
			productRefGroup = 2536EA6B15889D2B00AC1B13 /* Products */;
			projectDirPath = "";
			projectRoot = "";
			targets = (
				2536EA6915889D2B00AC1B13 /* MovieTheater */,
			);
		};
/* End PBXProject section */

/* Begin PBXResourcesBuildPhase section */
		2536EA6815889D2B00AC1B13 /* Resources */ = {
			isa = PBXResourcesBuildPhase;
			buildActionMask = 2147483647;
			files = (
				2536EA7915889D2B00AC1B13 /* InfoPlist.strings in Resources */,
				2536EA8215889D2B00AC1B13 /* MainStoryboard.storyboard in Resources */,
			);
			runOnlyForDeploymentPostprocessing = 0;
		};
/* End PBXResourcesBuildPhase section */

/* Begin PBXSourcesBuildPhase section */
		2536EA6615889D2B00AC1B13 /* Sources */ = {
			isa = PBXSourcesBuildPhase;
			buildActionMask = 2147483647;
			files = (
				2536EA7B15889D2B00AC1B13 /* main.m in Sources */,
				2536EA7F15889D2B00AC1B13 /* MovieTheaterAppDelegate.m in Sources */,
				2536EA8515889D2B00AC1B13 /* MovieTheaterViewController.m in Sources */,
			);
			runOnlyForDeploymentPostprocessing = 0;
		};
/* End PBXSourcesBuildPhase section */

/* Begin PBXVariantGroup section */
		2536EA7715889D2B00AC1B13 /* InfoPlist.strings */ = {
			isa = PBXVariantGroup;
			children = (
				2536EA7815889D2B00AC1B13 /* en */,
			);
			name = InfoPlist.strings;
			sourceTree = "<group>";
		};
		2536EA8015889D2B00AC1B13 /* MainStoryboard.storyboard */ = {
			isa = PBXVariantGroup;
			children = (
				2536EA8115889D2B00AC1B13 /* en */,
			);
			name = MainStoryboard.storyboard;
			sourceTree = "<group>";
		};
/* End PBXVariantGroup section */

/* Begin XCBuildConfiguration section */
		2536EA8615889D2B00AC1B13 /* Debug */ = {
			isa = XCBuildConfiguration;
			buildSettings = {
				ALWAYS_SEARCH_USER_PATHS = NO;
				ARCHS = "$(ARCHS_STANDARD_32_BIT)";
				CLANG_ENABLE_OBJC_ARC = YES;
				"CODE_SIGN_IDENTITY[sdk=iphoneos*]" = "iPhone Developer";
				COPY_PHASE_STRIP = NO;
				GCC_C_LANGUAGE_STANDARD = gnu99;
				GCC_DYNAMIC_NO_PIC = NO;
				GCC_OPTIMIZATION_LEVEL = 0;
				GCC_PREPROCESSOR_DEFINITIONS = (
					"DEBUG=1",
					"$(inherited)",
				);
				GCC_SYMBOLS_PRIVATE_EXTERN = NO;
				GCC_VERSION = com.apple.compilers.llvm.clang.1_0;
				GCC_WARN_ABOUT_RETURN_TYPE = YES;
				GCC_WARN_UNINITIALIZED_AUTOS = YES;
				GCC_WARN_UNUSED_VARIABLE = YES;
				IPHONEOS_DEPLOYMENT_TARGET = 5.1;
				SDKROOT = iphoneos;
			};
			name = Debug;
		};
		2536EA8715889D2B00AC1B13 /* Release */ = {
			isa = XCBuildConfiguration;
			buildSettings = {
				ALWAYS_SEARCH_USER_PATHS = NO;
				ARCHS = "$(ARCHS_STANDARD_32_BIT)";
				CLANG_ENABLE_OBJC_ARC = YES;
				"CODE_SIGN_IDENTITY[sdk=iphoneos*]" = "iPhone Developer";
				COPY_PHASE_STRIP = YES;
				GCC_C_LANGUAGE_STANDARD = gnu99;
				GCC_VERSION = com.apple.compilers.llvm.clang.1_0;
				GCC_WARN_ABOUT_RETURN_TYPE = YES;
				GCC_WARN_UNINITIALIZED_AUTOS = YES;
				GCC_WARN_UNUSED_VARIABLE = YES;
				IPHONEOS_DEPLOYMENT_TARGET = 5.1;
				OTHER_CFLAGS = "-DNS_BLOCK_ASSERTIONS=1";
				SDKROOT = iphoneos;
				VALIDATE_PRODUCT = YES;
			};
			name = Release;
		};
		2536EA8915889D2B00AC1B13 /* Debug */ = {
			isa = XCBuildConfiguration;
			buildSettings = {
				GCC_PRECOMPILE_PREFIX_HEADER = YES;
				GCC_PREFIX_HEADER = "MovieTheater/MovieTheater-Prefix.pch";
				INFOPLIST_FILE = "MovieTheater/MovieTheater-Info.plist";
				PRODUCT_NAME = "$(TARGET_NAME)";
				WRAPPER_EXTENSION = app;
			};
			name = Debug;
		};
		2536EA8A15889D2B00AC1B13 /* Release */ = {
			isa = XCBuildConfiguration;
			buildSettings = {
				GCC_PRECOMPILE_PREFIX_HEADER = YES;
				GCC_PREFIX_HEADER = "MovieTheater/MovieTheater-Prefix.pch";
				INFOPLIST_FILE = "MovieTheater/MovieTheater-Info.plist";
				PRODUCT_NAME = "$(TARGET_NAME)";
				WRAPPER_EXTENSION = app;
			};
			name = Release;
		};
/* End XCBuildConfiguration section */

/* Begin XCConfigurationList section */
		2536EA6415889D2A00AC1B13 /* Build configuration list for PBXProject "MovieTheater" */ = {
			isa = XCConfigurationList;
			buildConfigurations = (
				2536EA8615889D2B00AC1B13 /* Debug */,
				2536EA8715889D2B00AC1B13 /* Release */,
			);
			defaultConfigurationIsVisible = 0;
			defaultConfigurationName = Release;
		};
		2536EA8815889D2B00AC1B13 /* Build configuration list for PBXNativeTarget "MovieTheater" */ = {
			isa = XCConfigurationList;
			buildConfigurations = (
				2536EA8915889D2B00AC1B13 /* Debug */,
				2536EA8A15889D2B00AC1B13 /* Release */,
			);
			defaultConfigurationIsVisible = 0;
		};
/* End XCConfigurationList section */
	};
	rootObject = 2536EA6115889D2A00AC1B13 /* Project object */;
}
